dependencies:
- name: chartmuseum
  repository: https://kubernetes-charts.storage.googleapis.com
  version: 1.6.0
- name: jenkins
  repository: https://kubernetes-charts.storage.googleapis.com
  version: 0.16.6
- name: go-demo-5
  repository: http://cm.192.168.0.189.nip.io
  version: 0.0.4
digest: sha256:57af34b664da11553a6c1202f8d0d1129f160b5d392c4d12e4dab22ddeee0d7e
generated: 2018-08-06T00:59:58.256677058+02:00
